
Microsoft Visual Studio Solution File, Format Version 12.00
# Visual Studio Version 17
VisualStudioVersion = 17.9.34607.119
MinimumVisualStudioVersion = 10.0.40219.1
Project("{9A19103F-16F7-4668-BE54-9A1E7A4F7556}") = "SimpleNPCStats2", "SimpleNPCStats2.csproj", "{F17223CA-DB2E-46F0-B7A4-56DC822CA93C}"
EndProject
Global
	GlobalSection(SolutionConfigurationPlatforms) = preSolution
		Debug|Any CPU = Debug|Any CPU
		Release|Any CPU = Release|Any CPU
	EndGlobalSection
	GlobalSection(ProjectConfigurationPlatforms) = postSolution
		{F17223CA-DB2E-46F0-B7A4-56DC822CA93C}.Debug|Any CPU.ActiveCfg = Debug|Any CPU
		{F17223CA-DB2E-46F0-B7A4-56DC822CA93C}.Debug|Any CPU.Build.0 = Debug|Any CPU
		{F17223CA-DB2E-46F0-B7A4-56DC822CA93C}.Release|Any CPU.ActiveCfg = Release|Any CPU
		{F17223CA-DB2E-46F0-B7A4-56DC822CA93C}.Release|Any CPU.Build.0 = Release|Any CPU
	EndGlobalSection
	GlobalSection(SolutionProperties) = preSolution
		HideSolutionNode = FALSE
	EndGlobalSection
	GlobalSection(ExtensibilityGlobals) = postSolution
		SolutionGuid = {A0E5447B-2376-4DBC-A5CF-EC40E6C7034D}
	EndGlobalSection
EndGlobal
